
Microsoft Visual Studio Solution File, Format Version 12.00
# Visual Studio Version 17
VisualStudioVersion = 17.13.35825.156
MinimumVisualStudioVersion = 10.0.40219.1
Project("{FAE04EC0-301F-11D3-BF4B-00C04F79EFBC}") = "BizApp", "BizApp\BizApp.csproj", "{FD4B7FFF-3806-4D25-851C-4F38F9F93EB1}"
EndProject
Global
	GlobalSection(SolutionConfigurationPlatforms) = preSolution
		Debug|Any CPU = Debug|Any CPU
		Release|Any CPU = Release|Any CPU
	EndGlobalSection
	GlobalSection(ProjectConfigurationPlatforms) = postSolution
		{FD4B7FFF-3806-4D25-851C-4F38F9F93EB1}.Debug|Any CPU.ActiveCfg = Debug|Any CPU
		{FD4B7FFF-3806-4D25-851C-4F38F9F93EB1}.Debug|Any CPU.Build.0 = Debug|Any CPU
		{FD4B7FFF-3806-4D25-851C-4F38F9F93EB1}.Release|Any CPU.ActiveCfg = Release|Any CPU
		{FD4B7FFF-3806-4D25-851C-4F38F9F93EB1}.Release|Any CPU.Build.0 = Release|Any CPU
	EndGlobalSection
	GlobalSection(SolutionProperties) = preSolution
		HideSolutionNode = FALSE
	EndGlobalSection
	GlobalSection(ExtensibilityGlobals) = postSolution
		SolutionGuid = {57C59F7E-9725-46BF-87F2-D58EB36219B1}
	EndGlobalSection
EndGlobal
